
Microsoft Visual Studio Solution File, Format Version 12.00
# Visual Studio Version 16
VisualStudioVersion = 16.0.30523.141
MinimumVisualStudioVersion = 10.0.40219.1
Project("{FAE04EC0-301F-11D3-BF4B-00C04F79EFBC}") = "ProjectName.PL", "ProjectName.PL\ProjectName.PL.csproj", "{702CA369-BA0A-4410-8903-820614CEDE98}"
EndProject
Project("{FAE04EC0-301F-11D3-BF4B-00C04F79EFBC}") = "ProjectName.DAL", "ProjectName.DAL\ProjectName.DAL.csproj", "{72A4ED85-B7B4-4D58-BCE4-6C42BF1D1AA5}"
EndProject
Project("{FAE04EC0-301F-11D3-BF4B-00C04F79EFBC}") = "ProjectName.BLL", "ProjectName.BLL\ProjectName.BLL.csproj", "{67054EF4-E795-4A94-AA1A-498DC7E88F28}"
EndProject
Global
	GlobalSection(SolutionConfigurationPlatforms) = preSolution
		Debug|Any CPU = Debug|Any CPU
		Release|Any CPU = Release|Any CPU
	EndGlobalSection
	GlobalSection(ProjectConfigurationPlatforms) = postSolution
		{702CA369-BA0A-4410-8903-820614CEDE98}.Debug|Any CPU.ActiveCfg = Debug|Any CPU
		{702CA369-BA0A-4410-8903-820614CEDE98}.Debug|Any CPU.Build.0 = Debug|Any CPU
		{702CA369-BA0A-4410-8903-820614CEDE98}.Release|Any CPU.ActiveCfg = Release|Any CPU
		{702CA369-BA0A-4410-8903-820614CEDE98}.Release|Any CPU.Build.0 = Release|Any CPU
		{72A4ED85-B7B4-4D58-BCE4-6C42BF1D1AA5}.Debug|Any CPU.ActiveCfg = Debug|Any CPU
		{72A4ED85-B7B4-4D58-BCE4-6C42BF1D1AA5}.Debug|Any CPU.Build.0 = Debug|Any CPU
		{72A4ED85-B7B4-4D58-BCE4-6C42BF1D1AA5}.Release|Any CPU.ActiveCfg = Release|Any CPU
		{72A4ED85-B7B4-4D58-BCE4-6C42BF1D1AA5}.Release|Any CPU.Build.0 = Release|Any CPU
		{67054EF4-E795-4A94-AA1A-498DC7E88F28}.Debug|Any CPU.ActiveCfg = Debug|Any CPU
		{67054EF4-E795-4A94-AA1A-498DC7E88F28}.Debug|Any CPU.Build.0 = Debug|Any CPU
		{67054EF4-E795-4A94-AA1A-498DC7E88F28}.Release|Any CPU.ActiveCfg = Release|Any CPU
		{67054EF4-E795-4A94-AA1A-498DC7E88F28}.Release|Any CPU.Build.0 = Release|Any CPU
	EndGlobalSection
	GlobalSection(SolutionProperties) = preSolution
		HideSolutionNode = FALSE
	EndGlobalSection
	GlobalSection(ExtensibilityGlobals) = postSolution
		SolutionGuid = {E1EE1F2E-0249-404B-A9DA-0969F50796B1}
	EndGlobalSection
EndGlobal
